
Microsoft Visual Studio Solution File, Format Version 12.00
# Visual Studio Version 16
VisualStudioVersion = 16.0.31911.196
MinimumVisualStudioVersion = 10.0.40219.1
Project("{FAE04EC0-301F-11D3-BF4B-00C04F79EFBC}") = "OnlineShopV3.PL", "OnlineShopV3.PL.csproj", "{F1912682-878C-4ECD-8B6C-86CC400D5221}"
EndProject
Project("{FAE04EC0-301F-11D3-BF4B-00C04F79EFBC}") = "OnlineShopV3.SL", "..\OnlineShopV3.SL\OnlineShopV3.SL.csproj", "{F3982842-D178-4A99-B500-3F4A8743D0B2}"
EndProject
Project("{FAE04EC0-301F-11D3-BF4B-00C04F79EFBC}") = "OnlineShopV3.BO", "..\OnlineShopV3.BO\OnlineShopV3.BO.csproj", "{B08C008B-A94C-43DA-BF69-6CEA12031600}"
EndProject
Project("{FAE04EC0-301F-11D3-BF4B-00C04F79EFBC}") = "OnlineShopV3.DL", "..\OnlineShopV3.DL\OnlineShopV3.DL.csproj", "{90FA0D42-0B10-45BC-B6B3-9F3F720F948F}"
EndProject
Global
	GlobalSection(SolutionConfigurationPlatforms) = preSolution
		Debug|Any CPU = Debug|Any CPU
		Release|Any CPU = Release|Any CPU
	EndGlobalSection
	GlobalSection(ProjectConfigurationPlatforms) = postSolution
		{F1912682-878C-4ECD-8B6C-86CC400D5221}.Debug|Any CPU.ActiveCfg = Debug|Any CPU
		{F1912682-878C-4ECD-8B6C-86CC400D5221}.Debug|Any CPU.Build.0 = Debug|Any CPU
		{F1912682-878C-4ECD-8B6C-86CC400D5221}.Release|Any CPU.ActiveCfg = Release|Any CPU
		{F1912682-878C-4ECD-8B6C-86CC400D5221}.Release|Any CPU.Build.0 = Release|Any CPU
		{F3982842-D178-4A99-B500-3F4A8743D0B2}.Debug|Any CPU.ActiveCfg = Debug|Any CPU
		{F3982842-D178-4A99-B500-3F4A8743D0B2}.Debug|Any CPU.Build.0 = Debug|Any CPU
		{F3982842-D178-4A99-B500-3F4A8743D0B2}.Release|Any CPU.ActiveCfg = Release|Any CPU
		{F3982842-D178-4A99-B500-3F4A8743D0B2}.Release|Any CPU.Build.0 = Release|Any CPU
		{B08C008B-A94C-43DA-BF69-6CEA12031600}.Debug|Any CPU.ActiveCfg = Debug|Any CPU
		{B08C008B-A94C-43DA-BF69-6CEA12031600}.Debug|Any CPU.Build.0 = Debug|Any CPU
		{B08C008B-A94C-43DA-BF69-6CEA12031600}.Release|Any CPU.ActiveCfg = Release|Any CPU
		{B08C008B-A94C-43DA-BF69-6CEA12031600}.Release|Any CPU.Build.0 = Release|Any CPU
		{90FA0D42-0B10-45BC-B6B3-9F3F720F948F}.Debug|Any CPU.ActiveCfg = Debug|Any CPU
		{90FA0D42-0B10-45BC-B6B3-9F3F720F948F}.Debug|Any CPU.Build.0 = Debug|Any CPU
		{90FA0D42-0B10-45BC-B6B3-9F3F720F948F}.Release|Any CPU.ActiveCfg = Release|Any CPU
		{90FA0D42-0B10-45BC-B6B3-9F3F720F948F}.Release|Any CPU.Build.0 = Release|Any CPU
	EndGlobalSection
	GlobalSection(SolutionProperties) = preSolution
		HideSolutionNode = FALSE
	EndGlobalSection
	GlobalSection(ExtensibilityGlobals) = postSolution
		SolutionGuid = {A9E36365-8EAD-43E6-BB28-3A1622817224}
	EndGlobalSection
EndGlobal
