
Microsoft Visual Studio Solution File, Format Version 12.00
# Visual Studio Version 16
VisualStudioVersion = 16.0.31702.278
MinimumVisualStudioVersion = 10.0.40219.1
Project("{FAE04EC0-301F-11D3-BF4B-00C04F79EFBC}") = "Aspire_OnlineShop_V2.0", "Aspire_OnlineShop_V2.0\Aspire_OnlineShop_V2.0.csproj", "{3717470C-125E-4D71-A5AE-40E092957BBB}"
EndProject
Project("{FAE04EC0-301F-11D3-BF4B-00C04F79EFBC}") = "testOnlineShop", "testOnlineShop\testOnlineShop.csproj", "{32C8534A-9E91-4D37-A77E-602D2C4AC791}"
EndProject
Global
	GlobalSection(SolutionConfigurationPlatforms) = preSolution
		Debug|Any CPU = Debug|Any CPU
		Release|Any CPU = Release|Any CPU
	EndGlobalSection
	GlobalSection(ProjectConfigurationPlatforms) = postSolution
		{3717470C-125E-4D71-A5AE-40E092957BBB}.Debug|Any CPU.ActiveCfg = Debug|Any CPU
		{3717470C-125E-4D71-A5AE-40E092957BBB}.Debug|Any CPU.Build.0 = Debug|Any CPU
		{3717470C-125E-4D71-A5AE-40E092957BBB}.Release|Any CPU.ActiveCfg = Release|Any CPU
		{3717470C-125E-4D71-A5AE-40E092957BBB}.Release|Any CPU.Build.0 = Release|Any CPU
		{32C8534A-9E91-4D37-A77E-602D2C4AC791}.Debug|Any CPU.ActiveCfg = Debug|Any CPU
		{32C8534A-9E91-4D37-A77E-602D2C4AC791}.Debug|Any CPU.Build.0 = Debug|Any CPU
		{32C8534A-9E91-4D37-A77E-602D2C4AC791}.Release|Any CPU.ActiveCfg = Release|Any CPU
		{32C8534A-9E91-4D37-A77E-602D2C4AC791}.Release|Any CPU.Build.0 = Release|Any CPU
	EndGlobalSection
	GlobalSection(SolutionProperties) = preSolution
		HideSolutionNode = FALSE
	EndGlobalSection
	GlobalSection(ExtensibilityGlobals) = postSolution
		SolutionGuid = {087BEA96-62AE-4D8B-8486-9975EDF7EFCB}
	EndGlobalSection
EndGlobal
